
Microsoft Visual Studio Solution File, Format Version 12.00
# Visual Studio Version 16
VisualStudioVersion = 16.0.30204.135
MinimumVisualStudioVersion = 10.0.40219.1
Project("{9A19103F-16F7-4668-BE54-9A1E7A4F7556}") = "Singleton", "Singleton\Singleton.csproj", "{77D9BB8B-EED8-43EC-BDCB-F9627EA2BE2B}"
EndProject
Project("{9A19103F-16F7-4668-BE54-9A1E7A4F7556}") = "FactoryMethod", "FactoryMethod\FactoryMethod.csproj", "{1527998B-108A-456B-8723-D0F84C4946A0}"
EndProject
Project("{2150E333-8FDC-42A3-9474-1A3956D46DE8}") = "1-Criação", "1-Criação", "{2F18BD9C-503E-43C9-BCE8-C9D8A0B687AC}"
EndProject
Project("{9A19103F-16F7-4668-BE54-9A1E7A4F7556}") = "AbstractFactory", "AbstractFactory\AbstractFactory.csproj", "{BE9B4112-6A3C-46F5-AD89-A0F575E0EF84}"
EndProject
Project("{9A19103F-16F7-4668-BE54-9A1E7A4F7556}") = "Builder", "Builder\Builder.csproj", "{76B7AB86-87B3-4A16-9641-CE5177942822}"
EndProject
Project("{9A19103F-16F7-4668-BE54-9A1E7A4F7556}") = "Prototype", "Prototype\Prototype.csproj", "{E61E9F97-978B-4D14-8C58-32B2CE5E7C51}"
EndProject
Project("{2150E333-8FDC-42A3-9474-1A3956D46DE8}") = "2-Estruturais", "2-Estruturais", "{BCD438F4-6B09-4E23-A6B2-09D331113B47}"
EndProject
Project("{9A19103F-16F7-4668-BE54-9A1E7A4F7556}") = "Adapter", "Adapter\Adapter.csproj", "{EA8D597B-54F6-42A7-A962-4894E38AA908}"
EndProject
Project("{9A19103F-16F7-4668-BE54-9A1E7A4F7556}") = "Bridge", "Bridge\Bridge.csproj", "{F5B7EFD5-5D30-475A-986F-C322078EBB52}"
EndProject
Project("{9A19103F-16F7-4668-BE54-9A1E7A4F7556}") = "Composite", "Composite\Composite.csproj", "{976F5C77-216E-492A-9E84-54D969D154CC}"
EndProject
Project("{9A19103F-16F7-4668-BE54-9A1E7A4F7556}") = "Decorator", "Decorator\Decorator.csproj", "{F5F17586-6214-4102-84E9-C1B0F510E4F6}"
EndProject
Project("{9A19103F-16F7-4668-BE54-9A1E7A4F7556}") = "Facade", "Facade\Facade.csproj", "{4B9CE8C1-4BEA-46EF-8C05-D00248D109BC}"
EndProject
Project("{9A19103F-16F7-4668-BE54-9A1E7A4F7556}") = "Proxy", "Proxy\Proxy.csproj", "{6F84165D-08F6-4254-8BF3-F313EC05270A}"
EndProject
Project("{9A19103F-16F7-4668-BE54-9A1E7A4F7556}") = "Flyweight", "Flyweight\Flyweight.csproj", "{A93BFC92-7787-407A-BD6E-D2415A1A92AA}"
EndProject
Project("{2150E333-8FDC-42A3-9474-1A3956D46DE8}") = "3-Comportamentais", "3-Comportamentais", "{3204EE9A-949A-45B2-BD1D-8482C92FDB53}"
EndProject
Project("{9A19103F-16F7-4668-BE54-9A1E7A4F7556}") = "ChainOfResponsibility", "ChainOfResponsibility\ChainOfResponsibility.csproj", "{0969A5A7-E718-4B20-AF45-365845E5A172}"
EndProject
Project("{9A19103F-16F7-4668-BE54-9A1E7A4F7556}") = "Commnand", "Commnand\Commnand.csproj", "{E65283DB-D79D-48A5-8E8D-9BEAFB8AA4DC}"
EndProject
Project("{9A19103F-16F7-4668-BE54-9A1E7A4F7556}") = "Interpreter", "Interpreter\Interpreter.csproj", "{BCE46167-600F-4792-B80B-85083411E3EA}"
EndProject
Project("{9A19103F-16F7-4668-BE54-9A1E7A4F7556}") = "Iterator", "Iterator\Iterator.csproj", "{FE37C1F8-8B84-4069-BBCD-8C0BAD3D1A71}"
EndProject
Project("{9A19103F-16F7-4668-BE54-9A1E7A4F7556}") = "Mediator", "Mediator\Mediator.csproj", "{4F21EF3A-FE54-471F-9697-CB27FDA09650}"
EndProject
Project("{9A19103F-16F7-4668-BE54-9A1E7A4F7556}") = "Memento", "Memento\Memento.csproj", "{38AA1EE7-7C55-4AF1-8B6F-1FF08382D286}"
EndProject
Project("{9A19103F-16F7-4668-BE54-9A1E7A4F7556}") = "Observer", "Observer\Observer.csproj", "{482ECF80-7D45-4856-AB21-A026DE615EA9}"
EndProject
Project("{9A19103F-16F7-4668-BE54-9A1E7A4F7556}") = "State", "State\State.csproj", "{0649E08D-0108-424C-923C-DD6068454170}"
EndProject
Project("{9A19103F-16F7-4668-BE54-9A1E7A4F7556}") = "Strategy", "Strategy\Strategy.csproj", "{4F9553BD-3400-410B-88DE-AEC8BE7DC47D}"
EndProject
Project("{9A19103F-16F7-4668-BE54-9A1E7A4F7556}") = "TemplateMethod", "TemplateMethod\TemplateMethod.csproj", "{688BD644-AA05-452A-85F0-87D42FDE288D}"
EndProject
Project("{FAE04EC0-301F-11D3-BF4B-00C04F79EFBC}") = "Visitor", "Visitor\Visitor.csproj", "{ABCB24AA-59A7-4E9F-BBC2-A2205395276A}"
EndProject
Global
	GlobalSection(SolutionConfigurationPlatforms) = preSolution
		Debug|Any CPU = Debug|Any CPU
		Release|Any CPU = Release|Any CPU
	EndGlobalSection
	GlobalSection(ProjectConfigurationPlatforms) = postSolution
		{77D9BB8B-EED8-43EC-BDCB-F9627EA2BE2B}.Debug|Any CPU.ActiveCfg = Debug|Any CPU
		{77D9BB8B-EED8-43EC-BDCB-F9627EA2BE2B}.Debug|Any CPU.Build.0 = Debug|Any CPU
		{77D9BB8B-EED8-43EC-BDCB-F9627EA2BE2B}.Release|Any CPU.ActiveCfg = Release|Any CPU
		{77D9BB8B-EED8-43EC-BDCB-F9627EA2BE2B}.Release|Any CPU.Build.0 = Release|Any CPU
		{1527998B-108A-456B-8723-D0F84C4946A0}.Debug|Any CPU.ActiveCfg = Debug|Any CPU
		{1527998B-108A-456B-8723-D0F84C4946A0}.Debug|Any CPU.Build.0 = Debug|Any CPU
		{1527998B-108A-456B-8723-D0F84C4946A0}.Release|Any CPU.ActiveCfg = Release|Any CPU
		{1527998B-108A-456B-8723-D0F84C4946A0}.Release|Any CPU.Build.0 = Release|Any CPU
		{BE9B4112-6A3C-46F5-AD89-A0F575E0EF84}.Debug|Any CPU.ActiveCfg = Debug|Any CPU
		{BE9B4112-6A3C-46F5-AD89-A0F575E0EF84}.Debug|Any CPU.Build.0 = Debug|Any CPU
		{BE9B4112-6A3C-46F5-AD89-A0F575E0EF84}.Release|Any CPU.ActiveCfg = Release|Any CPU
		{BE9B4112-6A3C-46F5-AD89-A0F575E0EF84}.Release|Any CPU.Build.0 = Release|Any CPU
		{76B7AB86-87B3-4A16-9641-CE5177942822}.Debug|Any CPU.ActiveCfg = Debug|Any CPU
		{76B7AB86-87B3-4A16-9641-CE5177942822}.Debug|Any CPU.Build.0 = Debug|Any CPU
		{76B7AB86-87B3-4A16-9641-CE5177942822}.Release|Any CPU.ActiveCfg = Release|Any CPU
		{76B7AB86-87B3-4A16-9641-CE5177942822}.Release|Any CPU.Build.0 = Release|Any CPU
		{E61E9F97-978B-4D14-8C58-32B2CE5E7C51}.Debug|Any CPU.ActiveCfg = Debug|Any CPU
		{E61E9F97-978B-4D14-8C58-32B2CE5E7C51}.Debug|Any CPU.Build.0 = Debug|Any CPU
		{E61E9F97-978B-4D14-8C58-32B2CE5E7C51}.Release|Any CPU.ActiveCfg = Release|Any CPU
		{E61E9F97-978B-4D14-8C58-32B2CE5E7C51}.Release|Any CPU.Build.0 = Release|Any CPU
		{EA8D597B-54F6-42A7-A962-4894E38AA908}.Debug|Any CPU.ActiveCfg = Debug|Any CPU
		{EA8D597B-54F6-42A7-A962-4894E38AA908}.Debug|Any CPU.Build.0 = Debug|Any CPU
		{EA8D597B-54F6-42A7-A962-4894E38AA908}.Release|Any CPU.ActiveCfg = Release|Any CPU
		{EA8D597B-54F6-42A7-A962-4894E38AA908}.Release|Any CPU.Build.0 = Release|Any CPU
		{F5B7EFD5-5D30-475A-986F-C322078EBB52}.Debug|Any CPU.ActiveCfg = Debug|Any CPU
		{F5B7EFD5-5D30-475A-986F-C322078EBB52}.Debug|Any CPU.Build.0 = Debug|Any CPU
		{F5B7EFD5-5D30-475A-986F-C322078EBB52}.Release|Any CPU.ActiveCfg = Release|Any CPU
		{F5B7EFD5-5D30-475A-986F-C322078EBB52}.Release|Any CPU.Build.0 = Release|Any CPU
		{976F5C77-216E-492A-9E84-54D969D154CC}.Debug|Any CPU.ActiveCfg = Debug|Any CPU
		{976F5C77-216E-492A-9E84-54D969D154CC}.Debug|Any CPU.Build.0 = Debug|Any CPU
		{976F5C77-216E-492A-9E84-54D969D154CC}.Release|Any CPU.ActiveCfg = Release|Any CPU
		{976F5C77-216E-492A-9E84-54D969D154CC}.Release|Any CPU.Build.0 = Release|Any CPU
		{F5F17586-6214-4102-84E9-C1B0F510E4F6}.Debug|Any CPU.ActiveCfg = Debug|Any CPU
		{F5F17586-6214-4102-84E9-C1B0F510E4F6}.Debug|Any CPU.Build.0 = Debug|Any CPU
		{F5F17586-6214-4102-84E9-C1B0F510E4F6}.Release|Any CPU.ActiveCfg = Release|Any CPU
		{F5F17586-6214-4102-84E9-C1B0F510E4F6}.Release|Any CPU.Build.0 = Release|Any CPU
		{4B9CE8C1-4BEA-46EF-8C05-D00248D109BC}.Debug|Any CPU.ActiveCfg = Debug|Any CPU
		{4B9CE8C1-4BEA-46EF-8C05-D00248D109BC}.Debug|Any CPU.Build.0 = Debug|Any CPU
		{4B9CE8C1-4BEA-46EF-8C05-D00248D109BC}.Release|Any CPU.ActiveCfg = Release|Any CPU
		{4B9CE8C1-4BEA-46EF-8C05-D00248D109BC}.Release|Any CPU.Build.0 = Release|Any CPU
		{6F84165D-08F6-4254-8BF3-F313EC05270A}.Debug|Any CPU.ActiveCfg = Debug|Any CPU
		{6F84165D-08F6-4254-8BF3-F313EC05270A}.Debug|Any CPU.Build.0 = Debug|Any CPU
		{6F84165D-08F6-4254-8BF3-F313EC05270A}.Release|Any CPU.ActiveCfg = Release|Any CPU
		{6F84165D-08F6-4254-8BF3-F313EC05270A}.Release|Any CPU.Build.0 = Release|Any CPU
		{A93BFC92-7787-407A-BD6E-D2415A1A92AA}.Debug|Any CPU.ActiveCfg = Debug|Any CPU
		{A93BFC92-7787-407A-BD6E-D2415A1A92AA}.Debug|Any CPU.Build.0 = Debug|Any CPU
		{A93BFC92-7787-407A-BD6E-D2415A1A92AA}.Release|Any CPU.ActiveCfg = Release|Any CPU
		{A93BFC92-7787-407A-BD6E-D2415A1A92AA}.Release|Any CPU.Build.0 = Release|Any CPU
		{0969A5A7-E718-4B20-AF45-365845E5A172}.Debug|Any CPU.ActiveCfg = Debug|Any CPU
		{0969A5A7-E718-4B20-AF45-365845E5A172}.Debug|Any CPU.Build.0 = Debug|Any CPU
		{0969A5A7-E718-4B20-AF45-365845E5A172}.Release|Any CPU.ActiveCfg = Release|Any CPU
		{0969A5A7-E718-4B20-AF45-365845E5A172}.Release|Any CPU.Build.0 = Release|Any CPU
		{E65283DB-D79D-48A5-8E8D-9BEAFB8AA4DC}.Debug|Any CPU.ActiveCfg = Debug|Any CPU
		{E65283DB-D79D-48A5-8E8D-9BEAFB8AA4DC}.Debug|Any CPU.Build.0 = Debug|Any CPU
		{E65283DB-D79D-48A5-8E8D-9BEAFB8AA4DC}.Release|Any CPU.ActiveCfg = Release|Any CPU
		{E65283DB-D79D-48A5-8E8D-9BEAFB8AA4DC}.Release|Any CPU.Build.0 = Release|Any CPU
		{BCE46167-600F-4792-B80B-85083411E3EA}.Debug|Any CPU.ActiveCfg = Debug|Any CPU
		{BCE46167-600F-4792-B80B-85083411E3EA}.Debug|Any CPU.Build.0 = Debug|Any CPU
		{BCE46167-600F-4792-B80B-85083411E3EA}.Release|Any CPU.ActiveCfg = Release|Any CPU
		{BCE46167-600F-4792-B80B-85083411E3EA}.Release|Any CPU.Build.0 = Release|Any CPU
		{FE37C1F8-8B84-4069-BBCD-8C0BAD3D1A71}.Debug|Any CPU.ActiveCfg = Debug|Any CPU
		{FE37C1F8-8B84-4069-BBCD-8C0BAD3D1A71}.Debug|Any CPU.Build.0 = Debug|Any CPU
		{FE37C1F8-8B84-4069-BBCD-8C0BAD3D1A71}.Release|Any CPU.ActiveCfg = Release|Any CPU
		{FE37C1F8-8B84-4069-BBCD-8C0BAD3D1A71}.Release|Any CPU.Build.0 = Release|Any CPU
		{4F21EF3A-FE54-471F-9697-CB27FDA09650}.Debug|Any CPU.ActiveCfg = Debug|Any CPU
		{4F21EF3A-FE54-471F-9697-CB27FDA09650}.Debug|Any CPU.Build.0 = Debug|Any CPU
		{4F21EF3A-FE54-471F-9697-CB27FDA09650}.Release|Any CPU.ActiveCfg = Release|Any CPU
		{4F21EF3A-FE54-471F-9697-CB27FDA09650}.Release|Any CPU.Build.0 = Release|Any CPU
		{38AA1EE7-7C55-4AF1-8B6F-1FF08382D286}.Debug|Any CPU.ActiveCfg = Debug|Any CPU
		{38AA1EE7-7C55-4AF1-8B6F-1FF08382D286}.Debug|Any CPU.Build.0 = Debug|Any CPU
		{38AA1EE7-7C55-4AF1-8B6F-1FF08382D286}.Release|Any CPU.ActiveCfg = Release|Any CPU
		{38AA1EE7-7C55-4AF1-8B6F-1FF08382D286}.Release|Any CPU.Build.0 = Release|Any CPU
		{482ECF80-7D45-4856-AB21-A026DE615EA9}.Debug|Any CPU.ActiveCfg = Debug|Any CPU
		{482ECF80-7D45-4856-AB21-A026DE615EA9}.Debug|Any CPU.Build.0 = Debug|Any CPU
		{482ECF80-7D45-4856-AB21-A026DE615EA9}.Release|Any CPU.ActiveCfg = Release|Any CPU
		{482ECF80-7D45-4856-AB21-A026DE615EA9}.Release|Any CPU.Build.0 = Release|Any CPU
		{0649E08D-0108-424C-923C-DD6068454170}.Debug|Any CPU.ActiveCfg = Debug|Any CPU
		{0649E08D-0108-424C-923C-DD6068454170}.Debug|Any CPU.Build.0 = Debug|Any CPU
		{0649E08D-0108-424C-923C-DD6068454170}.Release|Any CPU.ActiveCfg = Release|Any CPU
		{0649E08D-0108-424C-923C-DD6068454170}.Release|Any CPU.Build.0 = Release|Any CPU
		{4F9553BD-3400-410B-88DE-AEC8BE7DC47D}.Debug|Any CPU.ActiveCfg = Debug|Any CPU
		{4F9553BD-3400-410B-88DE-AEC8BE7DC47D}.Debug|Any CPU.Build.0 = Debug|Any CPU
		{4F9553BD-3400-410B-88DE-AEC8BE7DC47D}.Release|Any CPU.ActiveCfg = Release|Any CPU
		{4F9553BD-3400-410B-88DE-AEC8BE7DC47D}.Release|Any CPU.Build.0 = Release|Any CPU
		{688BD644-AA05-452A-85F0-87D42FDE288D}.Debug|Any CPU.ActiveCfg = Debug|Any CPU
		{688BD644-AA05-452A-85F0-87D42FDE288D}.Debug|Any CPU.Build.0 = Debug|Any CPU
		{688BD644-AA05-452A-85F0-87D42FDE288D}.Release|Any CPU.ActiveCfg = Release|Any CPU
		{688BD644-AA05-452A-85F0-87D42FDE288D}.Release|Any CPU.Build.0 = Release|Any CPU
		{ABCB24AA-59A7-4E9F-BBC2-A2205395276A}.Debug|Any CPU.ActiveCfg = Debug|Any CPU
		{ABCB24AA-59A7-4E9F-BBC2-A2205395276A}.Debug|Any CPU.Build.0 = Debug|Any CPU
		{ABCB24AA-59A7-4E9F-BBC2-A2205395276A}.Release|Any CPU.ActiveCfg = Release|Any CPU
		{ABCB24AA-59A7-4E9F-BBC2-A2205395276A}.Release|Any CPU.Build.0 = Release|Any CPU
	EndGlobalSection
	GlobalSection(SolutionProperties) = preSolution
		HideSolutionNode = FALSE
	EndGlobalSection
	GlobalSection(NestedProjects) = preSolution
		{77D9BB8B-EED8-43EC-BDCB-F9627EA2BE2B} = {2F18BD9C-503E-43C9-BCE8-C9D8A0B687AC}
		{1527998B-108A-456B-8723-D0F84C4946A0} = {2F18BD9C-503E-43C9-BCE8-C9D8A0B687AC}
		{BE9B4112-6A3C-46F5-AD89-A0F575E0EF84} = {2F18BD9C-503E-43C9-BCE8-C9D8A0B687AC}
		{76B7AB86-87B3-4A16-9641-CE5177942822} = {2F18BD9C-503E-43C9-BCE8-C9D8A0B687AC}
		{E61E9F97-978B-4D14-8C58-32B2CE5E7C51} = {2F18BD9C-503E-43C9-BCE8-C9D8A0B687AC}
		{EA8D597B-54F6-42A7-A962-4894E38AA908} = {BCD438F4-6B09-4E23-A6B2-09D331113B47}
		{F5B7EFD5-5D30-475A-986F-C322078EBB52} = {BCD438F4-6B09-4E23-A6B2-09D331113B47}
		{976F5C77-216E-492A-9E84-54D969D154CC} = {BCD438F4-6B09-4E23-A6B2-09D331113B47}
		{F5F17586-6214-4102-84E9-C1B0F510E4F6} = {BCD438F4-6B09-4E23-A6B2-09D331113B47}
		{4B9CE8C1-4BEA-46EF-8C05-D00248D109BC} = {BCD438F4-6B09-4E23-A6B2-09D331113B47}
		{6F84165D-08F6-4254-8BF3-F313EC05270A} = {BCD438F4-6B09-4E23-A6B2-09D331113B47}
		{A93BFC92-7787-407A-BD6E-D2415A1A92AA} = {BCD438F4-6B09-4E23-A6B2-09D331113B47}
		{0969A5A7-E718-4B20-AF45-365845E5A172} = {3204EE9A-949A-45B2-BD1D-8482C92FDB53}
		{E65283DB-D79D-48A5-8E8D-9BEAFB8AA4DC} = {3204EE9A-949A-45B2-BD1D-8482C92FDB53}
		{BCE46167-600F-4792-B80B-85083411E3EA} = {3204EE9A-949A-45B2-BD1D-8482C92FDB53}
		{FE37C1F8-8B84-4069-BBCD-8C0BAD3D1A71} = {3204EE9A-949A-45B2-BD1D-8482C92FDB53}
		{4F21EF3A-FE54-471F-9697-CB27FDA09650} = {3204EE9A-949A-45B2-BD1D-8482C92FDB53}
		{38AA1EE7-7C55-4AF1-8B6F-1FF08382D286} = {3204EE9A-949A-45B2-BD1D-8482C92FDB53}
		{482ECF80-7D45-4856-AB21-A026DE615EA9} = {3204EE9A-949A-45B2-BD1D-8482C92FDB53}
		{0649E08D-0108-424C-923C-DD6068454170} = {3204EE9A-949A-45B2-BD1D-8482C92FDB53}
		{4F9553BD-3400-410B-88DE-AEC8BE7DC47D} = {3204EE9A-949A-45B2-BD1D-8482C92FDB53}
		{688BD644-AA05-452A-85F0-87D42FDE288D} = {3204EE9A-949A-45B2-BD1D-8482C92FDB53}
		{ABCB24AA-59A7-4E9F-BBC2-A2205395276A} = {3204EE9A-949A-45B2-BD1D-8482C92FDB53}
	EndGlobalSection
	GlobalSection(ExtensibilityGlobals) = postSolution
		SolutionGuid = {C9679058-9372-42C8-840A-DAA53A9A767B}
	EndGlobalSection
EndGlobal
